
Microsoft Visual Studio Solution File, Format Version 12.00
# Visual Studio Version 17
VisualStudioVersion = 17.5.33627.172
MinimumVisualStudioVersion = 10.0.40219.1
Project("{9A19103F-16F7-4668-BE54-9A1E7A4F7556}") = "KonfidesCase.API", "KonfidesCase.API\KonfidesCase.API.csproj", "{1BA4384B-84DF-47A7-B2E9-97E53F643FB4}"
EndProject
Project("{9A19103F-16F7-4668-BE54-9A1E7A4F7556}") = "KonfidesCase.Authentication", "KonfidesCase.Authentication\KonfidesCase.Authentication.csproj", "{4C6D7B9F-3E5C-4BD1-8D17-E3A92CACB474}"
EndProject
Project("{9A19103F-16F7-4668-BE54-9A1E7A4F7556}") = "KonfidesCase.Entity", "KonfidesCase.Entity\KonfidesCase.Entity.csproj", "{49AA4DD6-0400-4ABB-B6B9-9320F24785CB}"
EndProject
Project("{9A19103F-16F7-4668-BE54-9A1E7A4F7556}") = "KonfidesCase.DAL", "KonfidesCase.DAL\KonfidesCase.DAL.csproj", "{764F1F1F-7508-40DE-BBFB-6DB0C2DA0240}"
EndProject
Project("{FAE04EC0-301F-11D3-BF4B-00C04F79EFBC}") = "KonfidesCase.DTO", "KonfidesCase.DTO\KonfidesCase.DTO.csproj", "{094544C9-9D8B-41AF-ADC8-847564C49B59}"
EndProject
Project("{FAE04EC0-301F-11D3-BF4B-00C04F79EFBC}") = "KonfidesCase.BLL", "KonfidesCase.BLL\KonfidesCase.BLL.csproj", "{800BD6D1-219C-47EB-9F96-614EFE24ACB1}"
EndProject
Project("{FAE04EC0-301F-11D3-BF4B-00C04F79EFBC}") = "KonfidesCase.MVC", "KonfidesCase.MVC\KonfidesCase.MVC.csproj", "{30FCFC01-078C-4454-8874-FF4F179402C9}"
EndProject
Project("{FAE04EC0-301F-11D3-BF4B-00C04F79EFBC}") = "KonfidesCase.ViewModel", "KonfidesCase.ViewModel\KonfidesCase.ViewModel.csproj", "{362F57DF-06D1-4D7B-A6CE-92907D804B02}"
EndProject
Global
	GlobalSection(SolutionConfigurationPlatforms) = preSolution
		Debug|Any CPU = Debug|Any CPU
		Release|Any CPU = Release|Any CPU
	EndGlobalSection
	GlobalSection(ProjectConfigurationPlatforms) = postSolution
		{1BA4384B-84DF-47A7-B2E9-97E53F643FB4}.Debug|Any CPU.ActiveCfg = Debug|Any CPU
		{1BA4384B-84DF-47A7-B2E9-97E53F643FB4}.Debug|Any CPU.Build.0 = Debug|Any CPU
		{1BA4384B-84DF-47A7-B2E9-97E53F643FB4}.Release|Any CPU.ActiveCfg = Release|Any CPU
		{1BA4384B-84DF-47A7-B2E9-97E53F643FB4}.Release|Any CPU.Build.0 = Release|Any CPU
		{4C6D7B9F-3E5C-4BD1-8D17-E3A92CACB474}.Debug|Any CPU.ActiveCfg = Debug|Any CPU
		{4C6D7B9F-3E5C-4BD1-8D17-E3A92CACB474}.Debug|Any CPU.Build.0 = Debug|Any CPU
		{4C6D7B9F-3E5C-4BD1-8D17-E3A92CACB474}.Release|Any CPU.ActiveCfg = Release|Any CPU
		{4C6D7B9F-3E5C-4BD1-8D17-E3A92CACB474}.Release|Any CPU.Build.0 = Release|Any CPU
		{49AA4DD6-0400-4ABB-B6B9-9320F24785CB}.Debug|Any CPU.ActiveCfg = Debug|Any CPU
		{49AA4DD6-0400-4ABB-B6B9-9320F24785CB}.Debug|Any CPU.Build.0 = Debug|Any CPU
		{49AA4DD6-0400-4ABB-B6B9-9320F24785CB}.Release|Any CPU.ActiveCfg = Release|Any CPU
		{49AA4DD6-0400-4ABB-B6B9-9320F24785CB}.Release|Any CPU.Build.0 = Release|Any CPU
		{764F1F1F-7508-40DE-BBFB-6DB0C2DA0240}.Debug|Any CPU.ActiveCfg = Debug|Any CPU
		{764F1F1F-7508-40DE-BBFB-6DB0C2DA0240}.Debug|Any CPU.Build.0 = Debug|Any CPU
		{764F1F1F-7508-40DE-BBFB-6DB0C2DA0240}.Release|Any CPU.ActiveCfg = Release|Any CPU
		{764F1F1F-7508-40DE-BBFB-6DB0C2DA0240}.Release|Any CPU.Build.0 = Release|Any CPU
		{094544C9-9D8B-41AF-ADC8-847564C49B59}.Debug|Any CPU.ActiveCfg = Debug|Any CPU
		{094544C9-9D8B-41AF-ADC8-847564C49B59}.Debug|Any CPU.Build.0 = Debug|Any CPU
		{094544C9-9D8B-41AF-ADC8-847564C49B59}.Release|Any CPU.ActiveCfg = Release|Any CPU
		{094544C9-9D8B-41AF-ADC8-847564C49B59}.Release|Any CPU.Build.0 = Release|Any CPU
		{800BD6D1-219C-47EB-9F96-614EFE24ACB1}.Debug|Any CPU.ActiveCfg = Debug|Any CPU
		{800BD6D1-219C-47EB-9F96-614EFE24ACB1}.Debug|Any CPU.Build.0 = Debug|Any CPU
		{800BD6D1-219C-47EB-9F96-614EFE24ACB1}.Release|Any CPU.ActiveCfg = Release|Any CPU
		{800BD6D1-219C-47EB-9F96-614EFE24ACB1}.Release|Any CPU.Build.0 = Release|Any CPU
		{30FCFC01-078C-4454-8874-FF4F179402C9}.Debug|Any CPU.ActiveCfg = Debug|Any CPU
		{30FCFC01-078C-4454-8874-FF4F179402C9}.Debug|Any CPU.Build.0 = Debug|Any CPU
		{30FCFC01-078C-4454-8874-FF4F179402C9}.Release|Any CPU.ActiveCfg = Release|Any CPU
		{30FCFC01-078C-4454-8874-FF4F179402C9}.Release|Any CPU.Build.0 = Release|Any CPU
		{362F57DF-06D1-4D7B-A6CE-92907D804B02}.Debug|Any CPU.ActiveCfg = Debug|Any CPU
		{362F57DF-06D1-4D7B-A6CE-92907D804B02}.Debug|Any CPU.Build.0 = Debug|Any CPU
		{362F57DF-06D1-4D7B-A6CE-92907D804B02}.Release|Any CPU.ActiveCfg = Release|Any CPU
		{362F57DF-06D1-4D7B-A6CE-92907D804B02}.Release|Any CPU.Build.0 = Release|Any CPU
	EndGlobalSection
	GlobalSection(SolutionProperties) = preSolution
		HideSolutionNode = FALSE
	EndGlobalSection
	GlobalSection(ExtensibilityGlobals) = postSolution
		SolutionGuid = {AC701536-BA66-43C9-8DE4-9214ACDB850C}
	EndGlobalSection
EndGlobal
